// !$*UTF8*$!
{
	archiveVersion = 1;
	classes = {
	};
	objectVersion = 56;
	objects = {

/* Begin PBXBuildFile section */
		D111BA2C2BCAF8F100E1D953 /* SettingTableViewCell.swift in Sources */ = {isa = PBXBuildFile; fileRef = D111BA2B2BCAF8F100E1D953 /* SettingTableViewCell.swift */; };
		D11203342BC9C192008191C4 /* Tips.swift in Sources */ = {isa = PBXBuildFile; fileRef = D11203332BC9C192008191C4 /* Tips.swift */; };
		D12FCC442BC9EAC8008183D8 /* CustomTableViewCell.swift in Sources */ = {isa = PBXBuildFile; fileRef = D12FCC432BC9EAC8008183D8 /* CustomTableViewCell.swift */; };
		D133AEB82BBF677100D053C9 /* TipsViewController.swift in Sources */ = {isa = PBXBuildFile; fileRef = D133AEB72BBF677100D053C9 /* TipsViewController.swift */; };
		D133AEBA2BBF67CA00D053C9 /* RemindersViewController.swift in Sources */ = {isa = PBXBuildFile; fileRef = D133AEB92BBF67CA00D053C9 /* RemindersViewController.swift */; };
		D133AEBC2BBF67F100D053C9 /* SettingsViewController.swift in Sources */ = {isa = PBXBuildFile; fileRef = D133AEBB2BBF67F100D053C9 /* SettingsViewController.swift */; };
		D136F3F52BCB1EC80008CDF5 /* SwitchTableViewCell.swift in Sources */ = {isa = PBXBuildFile; fileRef = D136F3F42BCB1EC80008CDF5 /* SwitchTableViewCell.swift */; };
		D13F13D02BBCBFA0001A6772 /* AppDelegate.swift in Sources */ = {isa = PBXBuildFile; fileRef = D13F13CF2BBCBFA0001A6772 /* AppDelegate.swift */; };
		D13F13D22BBCBFA0001A6772 /* SceneDelegate.swift in Sources */ = {isa = PBXBuildFile; fileRef = D13F13D12BBCBFA0001A6772 /* SceneDelegate.swift */; };
		D13F13D42BBCBFA0001A6772 /* HomeViewController.swift in Sources */ = {isa = PBXBuildFile; fileRef = D13F13D32BBCBFA0001A6772 /* HomeViewController.swift */; };
		D13F13D72BBCBFA0001A6772 /* Base in Resources */ = {isa = PBXBuildFile; fileRef = D13F13D62BBCBFA0001A6772 /* Base */; };
		D13F13D92BBCBFA1001A6772 /* Assets.xcassets in Resources */ = {isa = PBXBuildFile; fileRef = D13F13D82BBCBFA1001A6772 /* Assets.xcassets */; };
		D13F13DC2BBCBFA1001A6772 /* Base in Resources */ = {isa = PBXBuildFile; fileRef = D13F13DB2BBCBFA1001A6772 /* Base */; };
		D13F13E72BBCBFA1001A6772 /* WaitressBookTests.swift in Sources */ = {isa = PBXBuildFile; fileRef = D13F13E62BBCBFA1001A6772 /* WaitressBookTests.swift */; };
		D13F13F12BBCBFA1001A6772 /* WaitressBookUITests.swift in Sources */ = {isa = PBXBuildFile; fileRef = D13F13F02BBCBFA1001A6772 /* WaitressBookUITests.swift */; };
		D13F13F32BBCBFA1001A6772 /* WaitressBookUITestsLaunchTests.swift in Sources */ = {isa = PBXBuildFile; fileRef = D13F13F22BBCBFA1001A6772 /* WaitressBookUITestsLaunchTests.swift */; };
		D160D4532BC75DAA00DE4322 /* NotesViewController.swift in Sources */ = {isa = PBXBuildFile; fileRef = D160D4522BC75DAA00DE4322 /* NotesViewController.swift */; };
		D187C4F32BC350A700EB7D6D /* CreateTableViewController.swift in Sources */ = {isa = PBXBuildFile; fileRef = D187C4F22BC350A700EB7D6D /* CreateTableViewController.swift */; };
		D1BC625B2BC0C18F0088D802 /* AddViewController.swift in Sources */ = {isa = PBXBuildFile; fileRef = D1BC625A2BC0C18F0088D802 /* AddViewController.swift */; };
/* End PBXBuildFile section */

/* Begin PBXContainerItemProxy section */
		D13F13E32BBCBFA1001A6772 /* PBXContainerItemProxy */ = {
			isa = PBXContainerItemProxy;
			containerPortal = D13F13C42BBCBFA0001A6772 /* Project object */;
			proxyType = 1;
			remoteGlobalIDString = D13F13CB2BBCBFA0001A6772;
			remoteInfo = WaitressBook;
		};
		D13F13ED2BBCBFA1001A6772 /* PBXContainerItemProxy */ = {
			isa = PBXContainerItemProxy;
			containerPortal = D13F13C42BBCBFA0001A6772 /* Project object */;
			proxyType = 1;
			remoteGlobalIDString = D13F13CB2BBCBFA0001A6772;
			remoteInfo = WaitressBook;
		};
/* End PBXContainerItemProxy section */

/* Begin PBXFileReference section */
		D111BA2B2BCAF8F100E1D953 /* SettingTableViewCell.swift */ = {isa = PBXFileReference; lastKnownFileType = sourcecode.swift; path = SettingTableViewCell.swift; sourceTree = "<group>"; };
		D11203332BC9C192008191C4 /* Tips.swift */ = {isa = PBXFileReference; lastKnownFileType = sourcecode.swift; path = Tips.swift; sourceTree = "<group>"; };
		D12FCC432BC9EAC8008183D8 /* CustomTableViewCell.swift */ = {isa = PBXFileReference; lastKnownFileType = sourcecode.swift; path = CustomTableViewCell.swift; sourceTree = "<group>"; };
		D133AEB72BBF677100D053C9 /* TipsViewController.swift */ = {isa = PBXFileReference; lastKnownFileType = sourcecode.swift; path = TipsViewController.swift; sourceTree = "<group>"; };
		D133AEB92BBF67CA00D053C9 /* RemindersViewController.swift */ = {isa = PBXFileReference; lastKnownFileType = sourcecode.swift; path = RemindersViewController.swift; sourceTree = "<group>"; };
		D133AEBB2BBF67F100D053C9 /* SettingsViewController.swift */ = {isa = PBXFileReference; lastKnownFileType = sourcecode.swift; path = SettingsViewController.swift; sourceTree = "<group>"; };
		D136F3F42BCB1EC80008CDF5 /* SwitchTableViewCell.swift */ = {isa = PBXFileReference; lastKnownFileType = sourcecode.swift; path = SwitchTableViewCell.swift; sourceTree = "<group>"; };
		D13F13CC2BBCBFA0001A6772 /* WaitressBook.app */ = {isa = PBXFileReference; explicitFileType = wrapper.application; includeInIndex = 0; path = WaitressBook.app; sourceTree = BUILT_PRODUCTS_DIR; };
		D13F13CF2BBCBFA0001A6772 /* AppDelegate.swift */ = {isa = PBXFileReference; lastKnownFileType = sourcecode.swift; path = AppDelegate.swift; sourceTree = "<group>"; };
		D13F13D12BBCBFA0001A6772 /* SceneDelegate.swift */ = {isa = PBXFileReference; lastKnownFileType = sourcecode.swift; path = SceneDelegate.swift; sourceTree = "<group>"; };
		D13F13D32BBCBFA0001A6772 /* HomeViewController.swift */ = {isa = PBXFileReference; lastKnownFileType = sourcecode.swift; path = HomeViewController.swift; sourceTree = "<group>"; };
		D13F13D62BBCBFA0001A6772 /* Base */ = {isa = PBXFileReference; lastKnownFileType = file.storyboard; name = Base; path = Base.lproj/Main.storyboard; sourceTree = "<group>"; };
		D13F13D82BBCBFA1001A6772 /* Assets.xcassets */ = {isa = PBXFileReference; lastKnownFileType = folder.assetcatalog; path = Assets.xcassets; sourceTree = "<group>"; };
		D13F13DB2BBCBFA1001A6772 /* Base */ = {isa = PBXFileReference; lastKnownFileType = file.storyboard; name = Base; path = Base.lproj/LaunchScreen.storyboard; sourceTree = "<group>"; };
		D13F13DD2BBCBFA1001A6772 /* Info.plist */ = {isa = PBXFileReference; lastKnownFileType = text.plist.xml; path = Info.plist; sourceTree = "<group>"; };
		D13F13E22BBCBFA1001A6772 /* WaitressBookTests.xctest */ = {isa = PBXFileReference; explicitFileType = wrapper.cfbundle; includeInIndex = 0; path = WaitressBookTests.xctest; sourceTree = BUILT_PRODUCTS_DIR; };
		D13F13E62BBCBFA1001A6772 /* WaitressBookTests.swift */ = {isa = PBXFileReference; lastKnownFileType = sourcecode.swift; path = WaitressBookTests.swift; sourceTree = "<group>"; };
		D13F13EC2BBCBFA1001A6772 /* WaitressBookUITests.xctest */ = {isa = PBXFileReference; explicitFileType = wrapper.cfbundle; includeInIndex = 0; path = WaitressBookUITests.xctest; sourceTree = BUILT_PRODUCTS_DIR; };
		D13F13F02BBCBFA1001A6772 /* WaitressBookUITests.swift */ = {isa = PBXFileReference; lastKnownFileType = sourcecode.swift; path = WaitressBookUITests.swift; sourceTree = "<group>"; };
		D13F13F22BBCBFA1001A6772 /* WaitressBookUITestsLaunchTests.swift */ = {isa = PBXFileReference; lastKnownFileType = sourcecode.swift; path = WaitressBookUITestsLaunchTests.swift; sourceTree = "<group>"; };
		D160D4522BC75DAA00DE4322 /* NotesViewController.swift */ = {isa = PBXFileReference; lastKnownFileType = sourcecode.swift; path = NotesViewController.swift; sourceTree = "<group>"; };
		D187C4F22BC350A700EB7D6D /* CreateTableViewController.swift */ = {isa = PBXFileReference; lastKnownFileType = sourcecode.swift; path = CreateTableViewController.swift; sourceTree = "<group>"; };
		D1BC625A2BC0C18F0088D802 /* AddViewController.swift */ = {isa = PBXFileReference; lastKnownFileType = sourcecode.swift; path = AddViewController.swift; sourceTree = "<group>"; };
/* End PBXFileReference section */

/* Begin PBXFrameworksBuildPhase section */
		D13F13C92BBCBFA0001A6772 /* Frameworks */ = {
			isa = PBXFrameworksBuildPhase;
			buildActionMask = 2147483647;
			files = (
			);
			runOnlyForDeploymentPostprocessing = 0;
		};
		D13F13DF2BBCBFA1001A6772 /* Frameworks */ = {
			isa = PBXFrameworksBuildPhase;
			buildActionMask = 2147483647;
			files = (
			);
			runOnlyForDeploymentPostprocessing = 0;
		};
		D13F13E92BBCBFA1001A6772 /* Frameworks */ = {
			isa = PBXFrameworksBuildPhase;
			buildActionMask = 2147483647;
			files = (
			);
			runOnlyForDeploymentPostprocessing = 0;
		};
/* End PBXFrameworksBuildPhase section */

/* Begin PBXGroup section */
		D13F13C32BBCBFA0001A6772 = {
			isa = PBXGroup;
			children = (
				D13F13CE2BBCBFA0001A6772 /* WaitressBook */,
				D13F13E52BBCBFA1001A6772 /* WaitressBookTests */,
				D13F13EF2BBCBFA1001A6772 /* WaitressBookUITests */,
				D13F13CD2BBCBFA0001A6772 /* Products */,
			);
			sourceTree = "<group>";
		};
		D13F13CD2BBCBFA0001A6772 /* Products */ = {
			isa = PBXGroup;
			children = (
				D13F13CC2BBCBFA0001A6772 /* WaitressBook.app */,
				D13F13E22BBCBFA1001A6772 /* WaitressBookTests.xctest */,
				D13F13EC2BBCBFA1001A6772 /* WaitressBookUITests.xctest */,
			);
			name = Products;
			sourceTree = "<group>";
		};
		D13F13CE2BBCBFA0001A6772 /* WaitressBook */ = {
			isa = PBXGroup;
			children = (
				D13F13CF2BBCBFA0001A6772 /* AppDelegate.swift */,
				D13F13D12BBCBFA0001A6772 /* SceneDelegate.swift */,
				D13F13D32BBCBFA0001A6772 /* HomeViewController.swift */,
				D160D4522BC75DAA00DE4322 /* NotesViewController.swift */,
				D187C4F22BC350A700EB7D6D /* CreateTableViewController.swift */,
				D133AEB72BBF677100D053C9 /* TipsViewController.swift */,
				D12FCC432BC9EAC8008183D8 /* CustomTableViewCell.swift */,
				D11203332BC9C192008191C4 /* Tips.swift */,
				D133AEB92BBF67CA00D053C9 /* RemindersViewController.swift */,
				D1BC625A2BC0C18F0088D802 /* AddViewController.swift */,
				D133AEBB2BBF67F100D053C9 /* SettingsViewController.swift */,
				D111BA2B2BCAF8F100E1D953 /* SettingTableViewCell.swift */,
				D136F3F42BCB1EC80008CDF5 /* SwitchTableViewCell.swift */,
				D13F13D52BBCBFA0001A6772 /* Main.storyboard */,
				D13F13D82BBCBFA1001A6772 /* Assets.xcassets */,
				D13F13DA2BBCBFA1001A6772 /* LaunchScreen.storyboard */,
				D13F13DD2BBCBFA1001A6772 /* Info.plist */,
			);
			path = WaitressBook;
			sourceTree = "<group>";
		};
		D13F13E52BBCBFA1001A6772 /* WaitressBookTests */ = {
			isa = PBXGroup;
			children = (
				D13F13E62BBCBFA1001A6772 /* WaitressBookTests.swift */,
			);
			path = WaitressBookTests;
			sourceTree = "<group>";
		};
		D13F13EF2BBCBFA1001A6772 /* WaitressBookUITests */ = {
			isa = PBXGroup;
			children = (
				D13F13F02BBCBFA1001A6772 /* WaitressBookUITests.swift */,
				D13F13F22BBCBFA1001A6772 /* WaitressBookUITestsLaunchTests.swift */,
			);
			path = WaitressBookUITests;
			sourceTree = "<group>";
		};
/* End PBXGroup section */

/* Begin PBXNativeTarget section */
		D13F13CB2BBCBFA0001A6772 /* WaitressBook */ = {
			isa = PBXNativeTarget;
			buildConfigurationList = D13F13F62BBCBFA1001A6772 /* Build configuration list for PBXNativeTarget "WaitressBook" */;
			buildPhases = (
				D13F13C82BBCBFA0001A6772 /* Sources */,
				D13F13C92BBCBFA0001A6772 /* Frameworks */,
				D13F13CA2BBCBFA0001A6772 /* Resources */,
			);
			buildRules = (
			);
			dependencies = (
			);
			name = WaitressBook;
			productName = WaitressBook;
			productReference = D13F13CC2BBCBFA0001A6772 /* WaitressBook.app */;
			productType = "com.apple.product-type.application";
		};
		D13F13E12BBCBFA1001A6772 /* WaitressBookTests */ = {
			isa = PBXNativeTarget;
			buildConfigurationList = D13F13F92BBCBFA1001A6772 /* Build configuration list for PBXNativeTarget "WaitressBookTests" */;
			buildPhases = (
				D13F13DE2BBCBFA1001A6772 /* Sources */,
				D13F13DF2BBCBFA1001A6772 /* Frameworks */,
				D13F13E02BBCBFA1001A6772 /* Resources */,
			);
			buildRules = (
			);
			dependencies = (
				D13F13E42BBCBFA1001A6772 /* PBXTargetDependency */,
			);
			name = WaitressBookTests;
			productName = WaitressBookTests;
			productReference = D13F13E22BBCBFA1001A6772 /* WaitressBookTests.xctest */;
			productType = "com.apple.product-type.bundle.unit-test";
		};
		D13F13EB2BBCBFA1001A6772 /* WaitressBookUITests */ = {
			isa = PBXNativeTarget;
			buildConfigurationList = D13F13FC2BBCBFA1001A6772 /* Build configuration list for PBXNativeTarget "WaitressBookUITests" */;
			buildPhases = (
				D13F13E82BBCBFA1001A6772 /* Sources */,
				D13F13E92BBCBFA1001A6772 /* Frameworks */,
				D13F13EA2BBCBFA1001A6772 /* Resources */,
			);
			buildRules = (
			);
			dependencies = (
				D13F13EE2BBCBFA1001A6772 /* PBXTargetDependency */,
			);
			name = WaitressBookUITests;
			productName = WaitressBookUITests;
			productReference = D13F13EC2BBCBFA1001A6772 /* WaitressBookUITests.xctest */;
			productType = "com.apple.product-type.bundle.ui-testing";
		};
/* End PBXNativeTarget section */

/* Begin PBXProject section */
		D13F13C42BBCBFA0001A6772 /* Project object */ = {
			isa = PBXProject;
			attributes = {
				BuildIndependentTargetsInParallel = 1;
				LastSwiftUpdateCheck = 1530;
				LastUpgradeCheck = 1530;
				TargetAttributes = {
					D13F13CB2BBCBFA0001A6772 = {
						CreatedOnToolsVersion = 15.3;
					};
					D13F13E12BBCBFA1001A6772 = {
						CreatedOnToolsVersion = 15.3;
						TestTargetID = D13F13CB2BBCBFA0001A6772;
					};
					D13F13EB2BBCBFA1001A6772 = {
						CreatedOnToolsVersion = 15.3;
						TestTargetID = D13F13CB2BBCBFA0001A6772;
					};
				};
			};
			buildConfigurationList = D13F13C72BBCBFA0001A6772 /* Build configuration list for PBXProject "WaitressBook" */;
			compatibilityVersion = "Xcode 14.0";
			developmentRegion = en;
			hasScannedForEncodings = 0;
			knownRegions = (
				en,
				Base,
			);
			mainGroup = D13F13C32BBCBFA0001A6772;
			productRefGroup = D13F13CD2BBCBFA0001A6772 /* Products */;
			projectDirPath = "";
			projectRoot = "";
			targets = (
				D13F13CB2BBCBFA0001A6772 /* WaitressBook */,
				D13F13E12BBCBFA1001A6772 /* WaitressBookTests */,
				D13F13EB2BBCBFA1001A6772 /* WaitressBookUITests */,
			);
		};
/* End PBXProject section */

/* Begin PBXResourcesBuildPhase section */
		D13F13CA2BBCBFA0001A6772 /* Resources */ = {
			isa = PBXResourcesBuildPhase;
			buildActionMask = 2147483647;
			files = (
				D13F13D92BBCBFA1001A6772 /* Assets.xcassets in Resources */,
				D13F13DC2BBCBFA1001A6772 /* Base in Resources */,
				D13F13D72BBCBFA0001A6772 /* Base in Resources */,
			);
			runOnlyForDeploymentPostprocessing = 0;
		};
		D13F13E02BBCBFA1001A6772 /* Resources */ = {
			isa = PBXResourcesBuildPhase;
			buildActionMask = 2147483647;
			files = (
			);
			runOnlyForDeploymentPostprocessing = 0;
		};
		D13F13EA2BBCBFA1001A6772 /* Resources */ = {
			isa = PBXResourcesBuildPhase;
			buildActionMask = 2147483647;
			files = (
			);
			runOnlyForDeploymentPostprocessing = 0;
		};
/* End PBXResourcesBuildPhase section */

/* Begin PBXSourcesBuildPhase section */
		D13F13C82BBCBFA0001A6772 /* Sources */ = {
			isa = PBXSourcesBuildPhase;
			buildActionMask = 2147483647;
			files = (
				D13F13D42BBCBFA0001A6772 /* HomeViewController.swift in Sources */,
				D11203342BC9C192008191C4 /* Tips.swift in Sources */,
				D12FCC442BC9EAC8008183D8 /* CustomTableViewCell.swift in Sources */,
				D133AEB82BBF677100D053C9 /* TipsViewController.swift in Sources */,
				D1BC625B2BC0C18F0088D802 /* AddViewController.swift in Sources */,
				D133AEBC2BBF67F100D053C9 /* SettingsViewController.swift in Sources */,
				D111BA2C2BCAF8F100E1D953 /* SettingTableViewCell.swift in Sources */,
				D13F13D02BBCBFA0001A6772 /* AppDelegate.swift in Sources */,
				D136F3F52BCB1EC80008CDF5 /* SwitchTableViewCell.swift in Sources */,
				D160D4532BC75DAA00DE4322 /* NotesViewController.swift in Sources */,
				D187C4F32BC350A700EB7D6D /* CreateTableViewController.swift in Sources */,
				D13F13D22BBCBFA0001A6772 /* SceneDelegate.swift in Sources */,
				D133AEBA2BBF67CA00D053C9 /* RemindersViewController.swift in Sources */,
			);
			runOnlyForDeploymentPostprocessing = 0;
		};
		D13F13DE2BBCBFA1001A6772 /* Sources */ = {
			isa = PBXSourcesBuildPhase;
			buildActionMask = 2147483647;
			files = (
				D13F13E72BBCBFA1001A6772 /* WaitressBookTests.swift in Sources */,
			);
			runOnlyForDeploymentPostprocessing = 0;
		};
		D13F13E82BBCBFA1001A6772 /* Sources */ = {
			isa = PBXSourcesBuildPhase;
			buildActionMask = 2147483647;
			files = (
				D13F13F12BBCBFA1001A6772 /* WaitressBookUITests.swift in Sources */,
				D13F13F32BBCBFA1001A6772 /* WaitressBookUITestsLaunchTests.swift in Sources */,
			);
			runOnlyForDeploymentPostprocessing = 0;
		};
/* End PBXSourcesBuildPhase section */

/* Begin PBXTargetDependency section */
		D13F13E42BBCBFA1001A6772 /* PBXTargetDependency */ = {
			isa = PBXTargetDependency;
			target = D13F13CB2BBCBFA0001A6772 /* WaitressBook */;
			targetProxy = D13F13E32BBCBFA1001A6772 /* PBXContainerItemProxy */;
		};
		D13F13EE2BBCBFA1001A6772 /* PBXTargetDependency */ = {
			isa = PBXTargetDependency;
			target = D13F13CB2BBCBFA0001A6772 /* WaitressBook */;
			targetProxy = D13F13ED2BBCBFA1001A6772 /* PBXContainerItemProxy */;
		};
/* End PBXTargetDependency section */

/* Begin PBXVariantGroup section */
		D13F13D52BBCBFA0001A6772 /* Main.storyboard */ = {
			isa = PBXVariantGroup;
			children = (
				D13F13D62BBCBFA0001A6772 /* Base */,
			);
			name = Main.storyboard;
			sourceTree = "<group>";
		};
		D13F13DA2BBCBFA1001A6772 /* LaunchScreen.storyboard */ = {
			isa = PBXVariantGroup;
			children = (
				D13F13DB2BBCBFA1001A6772 /* Base */,
			);
			name = LaunchScreen.storyboard;
			sourceTree = "<group>";
		};
/* End PBXVariantGroup section */

/* Begin XCBuildConfiguration section */
		D13F13F42BBCBFA1001A6772 /* Debug */ = {
			isa = XCBuildConfiguration;
			buildSettings = {
				ALWAYS_SEARCH_USER_PATHS = NO;
				ASSETCATALOG_COMPILER_GENERATE_SWIFT_ASSET_SYMBOL_EXTENSIONS = YES;
				CLANG_ANALYZER_NONNULL = YES;
				CLANG_ANALYZER_NUMBER_OBJECT_CONVERSION = YES_AGGRESSIVE;
				CLANG_CXX_LANGUAGE_STANDARD = "gnu++20";
				CLANG_ENABLE_MODULES = YES;
				CLANG_ENABLE_OBJC_ARC = YES;
				CLANG_ENABLE_OBJC_WEAK = YES;
				CLANG_WARN_BLOCK_CAPTURE_AUTORELEASING = YES;
				CLANG_WARN_BOOL_CONVERSION = YES;
				CLANG_WARN_COMMA = YES;
				CLANG_WARN_CONSTANT_CONVERSION = YES;
				CLANG_WARN_DEPRECATED_OBJC_IMPLEMENTATIONS = YES;
				CLANG_WARN_DIRECT_OBJC_ISA_USAGE = YES_ERROR;
				CLANG_WARN_DOCUMENTATION_COMMENTS = YES;
				CLANG_WARN_EMPTY_BODY = YES;
				CLANG_WARN_ENUM_CONVERSION = YES;
				CLANG_WARN_INFINITE_RECURSION = YES;
				CLANG_WARN_INT_CONVERSION = YES;
				CLANG_WARN_NON_LITERAL_NULL_CONVERSION = YES;
				CLANG_WARN_OBJC_IMPLICIT_RETAIN_SELF = YES;
				CLANG_WARN_OBJC_LITERAL_CONVERSION = YES;
				CLANG_WARN_OBJC_ROOT_CLASS = YES_ERROR;
				CLANG_WARN_QUOTED_INCLUDE_IN_FRAMEWORK_HEADER = YES;
				CLANG_WARN_RANGE_LOOP_ANALYSIS = YES;
				CLANG_WARN_STRICT_PROTOTYPES = YES;
				CLANG_WARN_SUSPICIOUS_MOVE = YES;
				CLANG_WARN_UNGUARDED_AVAILABILITY = YES_AGGRESSIVE;
				CLANG_WARN_UNREACHABLE_CODE = YES;
				CLANG_WARN__DUPLICATE_METHOD_MATCH = YES;
				COPY_PHASE_STRIP = NO;
				DEBUG_INFORMATION_FORMAT = dwarf;
				ENABLE_STRICT_OBJC_MSGSEND = YES;
				ENABLE_TESTABILITY = YES;
				ENABLE_USER_SCRIPT_SANDBOXING = YES;
				GCC_C_LANGUAGE_STANDARD = gnu17;
				GCC_DYNAMIC_NO_PIC = NO;
				GCC_NO_COMMON_BLOCKS = YES;
				GCC_OPTIMIZATION_LEVEL = 0;
				GCC_PREPROCESSOR_DEFINITIONS = (
					"DEBUG=1",
					"$(inherited)",
				);
				GCC_WARN_64_TO_32_BIT_CONVERSION = YES;
				GCC_WARN_ABOUT_RETURN_TYPE = YES_ERROR;
				GCC_WARN_UNDECLARED_SELECTOR = YES;
				GCC_WARN_UNINITIALIZED_AUTOS = YES_AGGRESSIVE;
				GCC_WARN_UNUSED_FUNCTION = YES;
				GCC_WARN_UNUSED_VARIABLE = YES;
				IPHONEOS_DEPLOYMENT_TARGET = 17.4;
				LOCALIZATION_PREFERS_STRING_CATALOGS = YES;
				MTL_ENABLE_DEBUG_INFO = INCLUDE_SOURCE;
				MTL_FAST_MATH = YES;
				ONLY_ACTIVE_ARCH = YES;
				SDKROOT = iphoneos;
				SWIFT_ACTIVE_COMPILATION_CONDITIONS = "DEBUG $(inherited)";
				SWIFT_OPTIMIZATION_LEVEL = "-Onone";
			};
			name = Debug;
		};
		D13F13F52BBCBFA1001A6772 /* Release */ = {
			isa = XCBuildConfiguration;
			buildSettings = {
				ALWAYS_SEARCH_USER_PATHS = NO;
				ASSETCATALOG_COMPILER_GENERATE_SWIFT_ASSET_SYMBOL_EXTENSIONS = YES;
				CLANG_ANALYZER_NONNULL = YES;
				CLANG_ANALYZER_NUMBER_OBJECT_CONVERSION = YES_AGGRESSIVE;
				CLANG_CXX_LANGUAGE_STANDARD = "gnu++20";
				CLANG_ENABLE_MODULES = YES;
				CLANG_ENABLE_OBJC_ARC = YES;
				CLANG_ENABLE_OBJC_WEAK = YES;
				CLANG_WARN_BLOCK_CAPTURE_AUTORELEASING = YES;
				CLANG_WARN_BOOL_CONVERSION = YES;
				CLANG_WARN_COMMA = YES;
				CLANG_WARN_CONSTANT_CONVERSION = YES;
				CLANG_WARN_DEPRECATED_OBJC_IMPLEMENTATIONS = YES;
				CLANG_WARN_DIRECT_OBJC_ISA_USAGE = YES_ERROR;
				CLANG_WARN_DOCUMENTATION_COMMENTS = YES;
				CLANG_WARN_EMPTY_BODY = YES;
				CLANG_WARN_ENUM_CONVERSION = YES;
				CLANG_WARN_INFINITE_RECURSION = YES;
				CLANG_WARN_INT_CONVERSION = YES;
				CLANG_WARN_NON_LITERAL_NULL_CONVERSION = YES;
				CLANG_WARN_OBJC_IMPLICIT_RETAIN_SELF = YES;
				CLANG_WARN_OBJC_LITERAL_CONVERSION = YES;
				CLANG_WARN_OBJC_ROOT_CLASS = YES_ERROR;
				CLANG_WARN_QUOTED_INCLUDE_IN_FRAMEWORK_HEADER = YES;
				CLANG_WARN_RANGE_LOOP_ANALYSIS = YES;
				CLANG_WARN_STRICT_PROTOTYPES = YES;
				CLANG_WARN_SUSPICIOUS_MOVE = YES;
				CLANG_WARN_UNGUARDED_AVAILABILITY = YES_AGGRESSIVE;
				CLANG_WARN_UNREACHABLE_CODE = YES;
				CLANG_WARN__DUPLICATE_METHOD_MATCH = YES;
				COPY_PHASE_STRIP = NO;
				DEBUG_INFORMATION_FORMAT = "dwarf-with-dsym";
				ENABLE_NS_ASSERTIONS = NO;
				ENABLE_STRICT_OBJC_MSGSEND = YES;
				ENABLE_USER_SCRIPT_SANDBOXING = YES;
				GCC_C_LANGUAGE_STANDARD = gnu17;
				GCC_NO_COMMON_BLOCKS = YES;
				GCC_WARN_64_TO_32_BIT_CONVERSION = YES;
				GCC_WARN_ABOUT_RETURN_TYPE = YES_ERROR;
				GCC_WARN_UNDECLARED_SELECTOR = YES;
				GCC_WARN_UNINITIALIZED_AUTOS = YES_AGGRESSIVE;
				GCC_WARN_UNUSED_FUNCTION = YES;
				GCC_WARN_UNUSED_VARIABLE = YES;
				IPHONEOS_DEPLOYMENT_TARGET = 17.4;
				LOCALIZATION_PREFERS_STRING_CATALOGS = YES;
				MTL_ENABLE_DEBUG_INFO = NO;
				MTL_FAST_MATH = YES;
				SDKROOT = iphoneos;
				SWIFT_COMPILATION_MODE = wholemodule;
				VALIDATE_PRODUCT = YES;
			};
			name = Release;
		};
		D13F13F72BBCBFA1001A6772 /* Debug */ = {
			isa = XCBuildConfiguration;
			buildSettings = {
				ASSETCATALOG_COMPILER_APPICON_NAME = AppIcon;
				ASSETCATALOG_COMPILER_GLOBAL_ACCENT_COLOR_NAME = AccentColor;
				CODE_SIGN_STYLE = Automatic;
				CURRENT_PROJECT_VERSION = 1;
				GENERATE_INFOPLIST_FILE = YES;
				INFOPLIST_FILE = WaitressBook/Info.plist;
				INFOPLIST_KEY_UIApplicationSupportsIndirectInputEvents = YES;
				INFOPLIST_KEY_UILaunchStoryboardName = LaunchScreen;
				INFOPLIST_KEY_UIMainStoryboardFile = Main;
				INFOPLIST_KEY_UISupportedInterfaceOrientations = UIInterfaceOrientationPortrait;
				INFOPLIST_KEY_UISupportedInterfaceOrientations_iPad = "UIInterfaceOrientationLandscapeLeft UIInterfaceOrientationLandscapeRight UIInterfaceOrientationPortrait UIInterfaceOrientationPortraitUpsideDown";
				LD_RUNPATH_SEARCH_PATHS = (
					"$(inherited)",
					"@executable_path/Frameworks",
				);
				MARKETING_VERSION = 1.0;
				PRODUCT_BUNDLE_IDENTIFIER = Ale.WaitressBook;
				PRODUCT_NAME = "$(TARGET_NAME)";
				SUPPORTED_PLATFORMS = "iphoneos iphonesimulator";
				SUPPORTS_MACCATALYST = NO;
				SUPPORTS_MAC_DESIGNED_FOR_IPHONE_IPAD = NO;
				SUPPORTS_XR_DESIGNED_FOR_IPHONE_IPAD = NO;
				SWIFT_EMIT_LOC_STRINGS = YES;
				SWIFT_VERSION = 5.0;
				TARGETED_DEVICE_FAMILY = 1;
			};
			name = Debug;
		};
		D13F13F82BBCBFA1001A6772 /* Release */ = {
			isa = XCBuildConfiguration;
			buildSettings = {
				ASSETCATALOG_COMPILER_APPICON_NAME = AppIcon;
				ASSETCATALOG_COMPILER_GLOBAL_ACCENT_COLOR_NAME = AccentColor;
				CODE_SIGN_STYLE = Automatic;
				CURRENT_PROJECT_VERSION = 1;
				GENERATE_INFOPLIST_FILE = YES;
				INFOPLIST_FILE = WaitressBook/Info.plist;
				INFOPLIST_KEY_UIApplicationSupportsIndirectInputEvents = YES;
				INFOPLIST_KEY_UILaunchStoryboardName = LaunchScreen;
				INFOPLIST_KEY_UIMainStoryboardFile = Main;
				INFOPLIST_KEY_UISupportedInterfaceOrientations = UIInterfaceOrientationPortrait;
				INFOPLIST_KEY_UISupportedInterfaceOrientations_iPad = "UIInterfaceOrientationLandscapeLeft UIInterfaceOrientationLandscapeRight UIInterfaceOrientationPortrait UIInterfaceOrientationPortraitUpsideDown";
				LD_RUNPATH_SEARCH_PATHS = (
					"$(inherited)",
					"@executable_path/Frameworks",
				);
				MARKETING_VERSION = 1.0;
				PRODUCT_BUNDLE_IDENTIFIER = Ale.WaitressBook;
				PRODUCT_NAME = "$(TARGET_NAME)";
				SUPPORTED_PLATFORMS = "iphoneos iphonesimulator";
				SUPPORTS_MACCATALYST = NO;
				SUPPORTS_MAC_DESIGNED_FOR_IPHONE_IPAD = NO;
				SUPPORTS_XR_DESIGNED_FOR_IPHONE_IPAD = NO;
				SWIFT_EMIT_LOC_STRINGS = YES;
				SWIFT_VERSION = 5.0;
				TARGETED_DEVICE_FAMILY = 1;
			};
			name = Release;
		};
		D13F13FA2BBCBFA1001A6772 /* Debug */ = {
			isa = XCBuildConfiguration;
			buildSettings = {
				ALWAYS_EMBED_SWIFT_STANDARD_LIBRARIES = YES;
				BUNDLE_LOADER = "$(TEST_HOST)";
				CODE_SIGN_STYLE = Automatic;
				CURRENT_PROJECT_VERSION = 1;
				GENERATE_INFOPLIST_FILE = YES;
				IPHONEOS_DEPLOYMENT_TARGET = 17.4;
				MARKETING_VERSION = 1.0;
				PRODUCT_BUNDLE_IDENTIFIER = Ale.WaitressBookTests;
				PRODUCT_NAME = "$(TARGET_NAME)";
				SWIFT_EMIT_LOC_STRINGS = NO;
				SWIFT_VERSION = 5.0;
				TARGETED_DEVICE_FAMILY = "1,2";
				TEST_HOST = "$(BUILT_PRODUCTS_DIR)/WaitressBook.app/$(BUNDLE_EXECUTABLE_FOLDER_PATH)/WaitressBook";
			};
			name = Debug;
		};
		D13F13FB2BBCBFA1001A6772 /* Release */ = {
			isa = XCBuildConfiguration;
			buildSettings = {
				ALWAYS_EMBED_SWIFT_STANDARD_LIBRARIES = YES;
				BUNDLE_LOADER = "$(TEST_HOST)";
				CODE_SIGN_STYLE = Automatic;
				CURRENT_PROJECT_VERSION = 1;
				GENERATE_INFOPLIST_FILE = YES;
				IPHONEOS_DEPLOYMENT_TARGET = 17.4;
				MARKETING_VERSION = 1.0;
				PRODUCT_BUNDLE_IDENTIFIER = Ale.WaitressBookTests;
				PRODUCT_NAME = "$(TARGET_NAME)";
				SWIFT_EMIT_LOC_STRINGS = NO;
				SWIFT_VERSION = 5.0;
				TARGETED_DEVICE_FAMILY = "1,2";
				TEST_HOST = "$(BUILT_PRODUCTS_DIR)/WaitressBook.app/$(BUNDLE_EXECUTABLE_FOLDER_PATH)/WaitressBook";
			};
			name = Release;
		};
		D13F13FD2BBCBFA1001A6772 /* Debug */ = {
			isa = XCBuildConfiguration;
			buildSettings = {
				ALWAYS_EMBED_SWIFT_STANDARD_LIBRARIES = YES;
				CODE_SIGN_STYLE = Automatic;
				CURRENT_PROJECT_VERSION = 1;
				GENERATE_INFOPLIST_FILE = YES;
				MARKETING_VERSION = 1.0;
				PRODUCT_BUNDLE_IDENTIFIER = Ale.WaitressBookUITests;
				PRODUCT_NAME = "$(TARGET_NAME)";
				SWIFT_EMIT_LOC_STRINGS = NO;
				SWIFT_VERSION = 5.0;
				TARGETED_DEVICE_FAMILY = "1,2";
				TEST_TARGET_NAME = WaitressBook;
			};
			name = Debug;
		};
		D13F13FE2BBCBFA1001A6772 /* Release */ = {
			isa = XCBuildConfiguration;
			buildSettings = {
				ALWAYS_EMBED_SWIFT_STANDARD_LIBRARIES = YES;
				CODE_SIGN_STYLE = Automatic;
				CURRENT_PROJECT_VERSION = 1;
				GENERATE_INFOPLIST_FILE = YES;
				MARKETING_VERSION = 1.0;
				PRODUCT_BUNDLE_IDENTIFIER = Ale.WaitressBookUITests;
				PRODUCT_NAME = "$(TARGET_NAME)";
				SWIFT_EMIT_LOC_STRINGS = NO;
				SWIFT_VERSION = 5.0;
				TARGETED_DEVICE_FAMILY = "1,2";
				TEST_TARGET_NAME = WaitressBook;
			};
			name = Release;
		};
/* End XCBuildConfiguration section */

/* Begin XCConfigurationList section */
		D13F13C72BBCBFA0001A6772 /* Build configuration list for PBXProject "WaitressBook" */ = {
			isa = XCConfigurationList;
			buildConfigurations = (
				D13F13F42BBCBFA1001A6772 /* Debug */,
				D13F13F52BBCBFA1001A6772 /* Release */,
			);
			defaultConfigurationIsVisible = 0;
			defaultConfigurationName = Release;
		};
		D13F13F62BBCBFA1001A6772 /* Build configuration list for PBXNativeTarget "WaitressBook" */ = {
			isa = XCConfigurationList;
			buildConfigurations = (
				D13F13F72BBCBFA1001A6772 /* Debug */,
				D13F13F82BBCBFA1001A6772 /* Release */,
			);
			defaultConfigurationIsVisible = 0;
			defaultConfigurationName = Release;
		};
		D13F13F92BBCBFA1001A6772 /* Build configuration list for PBXNativeTarget "WaitressBookTests" */ = {
			isa = XCConfigurationList;
			buildConfigurations = (
				D13F13FA2BBCBFA1001A6772 /* Debug */,
				D13F13FB2BBCBFA1001A6772 /* Release */,
			);
			defaultConfigurationIsVisible = 0;
			defaultConfigurationName = Release;
		};
		D13F13FC2BBCBFA1001A6772 /* Build configuration list for PBXNativeTarget "WaitressBookUITests" */ = {
			isa = XCConfigurationList;
			buildConfigurations = (
				D13F13FD2BBCBFA1001A6772 /* Debug */,
				D13F13FE2BBCBFA1001A6772 /* Release */,
			);
			defaultConfigurationIsVisible = 0;
			defaultConfigurationName = Release;
		};
/* End XCConfigurationList section */
	};
	rootObject = D13F13C42BBCBFA0001A6772 /* Project object */;
}
